// !$*UTF8*$!
{
	archiveVersion = 1;
	classes = {
	};
	objectVersion = 50;
	objects = {

/* Begin PBXBuildFile section */
		73B1BDE0254898480013DF90 /* AcceptCancelViewController.framework in Frameworks */ = {isa = PBXBuildFile; fileRef = 73B1BDD6254898480013DF90 /* AcceptCancelViewController.framework */; };
		73B1BDE5254898490013DF90 /* AcceptCancelViewControllerTests.swift in Sources */ = {isa = PBXBuildFile; fileRef = 73B1BDE4254898490013DF90 /* AcceptCancelViewControllerTests.swift */; };
		73B1BDE7254898490013DF90 /* AcceptCancelViewController.h in Headers */ = {isa = PBXBuildFile; fileRef = 73B1BDD9254898480013DF90 /* AcceptCancelViewController.h */; settings = {ATTRIBUTES = (Public, ); }; };
		73B1BDF1254898610013DF90 /* AcceptCancelViewController.swift in Sources */ = {isa = PBXBuildFile; fileRef = 73B1BDF0254898610013DF90 /* AcceptCancelViewController.swift */; };
		73B1BDF3254898D90013DF90 /* UIViewControllerExtension.swift in Sources */ = {isa = PBXBuildFile; fileRef = 73B1BDF2254898D90013DF90 /* UIViewControllerExtension.swift */; };
		73B1BDFB254899520013DF90 /* AppDelegate.swift in Sources */ = {isa = PBXBuildFile; fileRef = 73B1BDFA254899520013DF90 /* AppDelegate.swift */; };
		73B1BDFD254899520013DF90 /* SceneDelegate.swift in Sources */ = {isa = PBXBuildFile; fileRef = 73B1BDFC254899520013DF90 /* SceneDelegate.swift */; };
		73B1BDFF254899520013DF90 /* ViewController.swift in Sources */ = {isa = PBXBuildFile; fileRef = 73B1BDFE254899520013DF90 /* ViewController.swift */; };
		73B1BE02254899520013DF90 /* Main.storyboard in Resources */ = {isa = PBXBuildFile; fileRef = 73B1BE00254899520013DF90 /* Main.storyboard */; };
		73B1BE04254899570013DF90 /* Assets.xcassets in Resources */ = {isa = PBXBuildFile; fileRef = 73B1BE03254899570013DF90 /* Assets.xcassets */; };
		73B1BE07254899570013DF90 /* LaunchScreen.storyboard in Resources */ = {isa = PBXBuildFile; fileRef = 73B1BE05254899570013DF90 /* LaunchScreen.storyboard */; };
		73B1BE12254899570013DF90 /* DemoTests.swift in Sources */ = {isa = PBXBuildFile; fileRef = 73B1BE11254899570013DF90 /* DemoTests.swift */; };
		73B1BE1D254899570013DF90 /* DemoUITests.swift in Sources */ = {isa = PBXBuildFile; fileRef = 73B1BE1C254899570013DF90 /* DemoUITests.swift */; };
		73B1BE2925489A320013DF90 /* AcceptCancelViewController.framework in Frameworks */ = {isa = PBXBuildFile; fileRef = 73B1BDD6254898480013DF90 /* AcceptCancelViewController.framework */; };
/* End PBXBuildFile section */

/* Begin PBXContainerItemProxy section */
		73B1BDE1254898480013DF90 /* PBXContainerItemProxy */ = {
			isa = PBXContainerItemProxy;
			containerPortal = 73B1BDCD254898480013DF90 /* Project object */;
			proxyType = 1;
			remoteGlobalIDString = 73B1BDD5254898480013DF90;
			remoteInfo = AcceptCancelViewController;
		};
		73B1BE0E254899570013DF90 /* PBXContainerItemProxy */ = {
			isa = PBXContainerItemProxy;
			containerPortal = 73B1BDCD254898480013DF90 /* Project object */;
			proxyType = 1;
			remoteGlobalIDString = 73B1BDF7254899520013DF90;
			remoteInfo = Demo;
		};
		73B1BE19254899570013DF90 /* PBXContainerItemProxy */ = {
			isa = PBXContainerItemProxy;
			containerPortal = 73B1BDCD254898480013DF90 /* Project object */;
			proxyType = 1;
			remoteGlobalIDString = 73B1BDF7254899520013DF90;
			remoteInfo = Demo;
		};
/* End PBXContainerItemProxy section */

/* Begin PBXFileReference section */
		73B1BDD6254898480013DF90 /* AcceptCancelViewController.framework */ = {isa = PBXFileReference; explicitFileType = wrapper.framework; includeInIndex = 0; path = AcceptCancelViewController.framework; sourceTree = BUILT_PRODUCTS_DIR; };
		73B1BDD9254898480013DF90 /* AcceptCancelViewController.h */ = {isa = PBXFileReference; lastKnownFileType = sourcecode.c.h; path = AcceptCancelViewController.h; sourceTree = "<group>"; };
		73B1BDDA254898480013DF90 /* Info.plist */ = {isa = PBXFileReference; lastKnownFileType = text.plist.xml; path = Info.plist; sourceTree = "<group>"; };
		73B1BDDF254898480013DF90 /* AcceptCancelViewControllerTests.xctest */ = {isa = PBXFileReference; explicitFileType = wrapper.cfbundle; includeInIndex = 0; path = AcceptCancelViewControllerTests.xctest; sourceTree = BUILT_PRODUCTS_DIR; };
		73B1BDE4254898490013DF90 /* AcceptCancelViewControllerTests.swift */ = {isa = PBXFileReference; lastKnownFileType = sourcecode.swift; path = AcceptCancelViewControllerTests.swift; sourceTree = "<group>"; };
		73B1BDE6254898490013DF90 /* Info.plist */ = {isa = PBXFileReference; lastKnownFileType = text.plist.xml; path = Info.plist; sourceTree = "<group>"; };
		73B1BDF0254898610013DF90 /* AcceptCancelViewController.swift */ = {isa = PBXFileReference; lastKnownFileType = sourcecode.swift; path = AcceptCancelViewController.swift; sourceTree = "<group>"; };
		73B1BDF2254898D90013DF90 /* UIViewControllerExtension.swift */ = {isa = PBXFileReference; lastKnownFileType = sourcecode.swift; path = UIViewControllerExtension.swift; sourceTree = "<group>"; };
		73B1BDF8254899520013DF90 /* Demo.app */ = {isa = PBXFileReference; explicitFileType = wrapper.application; includeInIndex = 0; path = Demo.app; sourceTree = BUILT_PRODUCTS_DIR; };
		73B1BDFA254899520013DF90 /* AppDelegate.swift */ = {isa = PBXFileReference; lastKnownFileType = sourcecode.swift; path = AppDelegate.swift; sourceTree = "<group>"; };
		73B1BDFC254899520013DF90 /* SceneDelegate.swift */ = {isa = PBXFileReference; lastKnownFileType = sourcecode.swift; path = SceneDelegate.swift; sourceTree = "<group>"; };
		73B1BDFE254899520013DF90 /* ViewController.swift */ = {isa = PBXFileReference; lastKnownFileType = sourcecode.swift; path = ViewController.swift; sourceTree = "<group>"; };
		73B1BE01254899520013DF90 /* Base */ = {isa = PBXFileReference; lastKnownFileType = file.storyboard; name = Base; path = Base.lproj/Main.storyboard; sourceTree = "<group>"; };
		73B1BE03254899570013DF90 /* Assets.xcassets */ = {isa = PBXFileReference; lastKnownFileType = folder.assetcatalog; path = Assets.xcassets; sourceTree = "<group>"; };
		73B1BE06254899570013DF90 /* Base */ = {isa = PBXFileReference; lastKnownFileType = file.storyboard; name = Base; path = Base.lproj/LaunchScreen.storyboard; sourceTree = "<group>"; };
		73B1BE08254899570013DF90 /* Info.plist */ = {isa = PBXFileReference; lastKnownFileType = text.plist.xml; path = Info.plist; sourceTree = "<group>"; };
		73B1BE0D254899570013DF90 /* DemoTests.xctest */ = {isa = PBXFileReference; explicitFileType = wrapper.cfbundle; includeInIndex = 0; path = DemoTests.xctest; sourceTree = BUILT_PRODUCTS_DIR; };
		73B1BE11254899570013DF90 /* DemoTests.swift */ = {isa = PBXFileReference; lastKnownFileType = sourcecode.swift; path = DemoTests.swift; sourceTree = "<group>"; };
		73B1BE13254899570013DF90 /* Info.plist */ = {isa = PBXFileReference; lastKnownFileType = text.plist.xml; path = Info.plist; sourceTree = "<group>"; };
		73B1BE18254899570013DF90 /* DemoUITests.xctest */ = {isa = PBXFileReference; explicitFileType = wrapper.cfbundle; includeInIndex = 0; path = DemoUITests.xctest; sourceTree = BUILT_PRODUCTS_DIR; };
		73B1BE1C254899570013DF90 /* DemoUITests.swift */ = {isa = PBXFileReference; lastKnownFileType = sourcecode.swift; path = DemoUITests.swift; sourceTree = "<group>"; };
		73B1BE1E254899570013DF90 /* Info.plist */ = {isa = PBXFileReference; lastKnownFileType = text.plist.xml; path = Info.plist; sourceTree = "<group>"; };
/* End PBXFileReference section */

/* Begin PBXFrameworksBuildPhase section */
		73B1BDD3254898480013DF90 /* Frameworks */ = {
			isa = PBXFrameworksBuildPhase;
			buildActionMask = 2147483647;
			files = (
			);
			runOnlyForDeploymentPostprocessing = 0;
		};
		73B1BDDC254898480013DF90 /* Frameworks */ = {
			isa = PBXFrameworksBuildPhase;
			buildActionMask = 2147483647;
			files = (
				73B1BDE0254898480013DF90 /* AcceptCancelViewController.framework in Frameworks */,
			);
			runOnlyForDeploymentPostprocessing = 0;
		};
		73B1BDF5254899520013DF90 /* Frameworks */ = {
			isa = PBXFrameworksBuildPhase;
			buildActionMask = 2147483647;
			files = (
				73B1BE2925489A320013DF90 /* AcceptCancelViewController.framework in Frameworks */,
			);
			runOnlyForDeploymentPostprocessing = 0;
		};
		73B1BE0A254899570013DF90 /* Frameworks */ = {
			isa = PBXFrameworksBuildPhase;
			buildActionMask = 2147483647;
			files = (
			);
			runOnlyForDeploymentPostprocessing = 0;
		};
		73B1BE15254899570013DF90 /* Frameworks */ = {
			isa = PBXFrameworksBuildPhase;
			buildActionMask = 2147483647;
			files = (
			);
			runOnlyForDeploymentPostprocessing = 0;
		};
/* End PBXFrameworksBuildPhase section */

/* Begin PBXGroup section */
		73B1BDCC254898480013DF90 = {
			isa = PBXGroup;
			children = (
				73B1BDD8254898480013DF90 /* AcceptCancelViewController */,
				73B1BDE3254898490013DF90 /* AcceptCancelViewControllerTests */,
				73B1BDF9254899520013DF90 /* Demo */,
				73B1BE10254899570013DF90 /* DemoTests */,
				73B1BE1B254899570013DF90 /* DemoUITests */,
				73B1BDD7254898480013DF90 /* Products */,
				73B1BE2825489A320013DF90 /* Frameworks */,
			);
			sourceTree = "<group>";
		};
		73B1BDD7254898480013DF90 /* Products */ = {
			isa = PBXGroup;
			children = (
				73B1BDD6254898480013DF90 /* AcceptCancelViewController.framework */,
				73B1BDDF254898480013DF90 /* AcceptCancelViewControllerTests.xctest */,
				73B1BDF8254899520013DF90 /* Demo.app */,
				73B1BE0D254899570013DF90 /* DemoTests.xctest */,
				73B1BE18254899570013DF90 /* DemoUITests.xctest */,
			);
			name = Products;
			sourceTree = "<group>";
		};
		73B1BDD8254898480013DF90 /* AcceptCancelViewController */ = {
			isa = PBXGroup;
			children = (
				73B1BDD9254898480013DF90 /* AcceptCancelViewController.h */,
				73B1BDF0254898610013DF90 /* AcceptCancelViewController.swift */,
				73B1BDF2254898D90013DF90 /* UIViewControllerExtension.swift */,
				73B1BDDA254898480013DF90 /* Info.plist */,
			);
			path = AcceptCancelViewController;
			sourceTree = "<group>";
		};
		73B1BDE3254898490013DF90 /* AcceptCancelViewControllerTests */ = {
			isa = PBXGroup;
			children = (
				73B1BDE4254898490013DF90 /* AcceptCancelViewControllerTests.swift */,
				73B1BDE6254898490013DF90 /* Info.plist */,
			);
			path = AcceptCancelViewControllerTests;
			sourceTree = "<group>";
		};
		73B1BDF9254899520013DF90 /* Demo */ = {
			isa = PBXGroup;
			children = (
				73B1BDFA254899520013DF90 /* AppDelegate.swift */,
				73B1BDFC254899520013DF90 /* SceneDelegate.swift */,
				73B1BDFE254899520013DF90 /* ViewController.swift */,
				73B1BE00254899520013DF90 /* Main.storyboard */,
				73B1BE03254899570013DF90 /* Assets.xcassets */,
				73B1BE05254899570013DF90 /* LaunchScreen.storyboard */,
				73B1BE08254899570013DF90 /* Info.plist */,
			);
			path = Demo;
			sourceTree = "<group>";
		};
		73B1BE10254899570013DF90 /* DemoTests */ = {
			isa = PBXGroup;
			children = (
				73B1BE11254899570013DF90 /* DemoTests.swift */,
				73B1BE13254899570013DF90 /* Info.plist */,
			);
			path = DemoTests;
			sourceTree = "<group>";
		};
		73B1BE1B254899570013DF90 /* DemoUITests */ = {
			isa = PBXGroup;
			children = (
				73B1BE1C254899570013DF90 /* DemoUITests.swift */,
				73B1BE1E254899570013DF90 /* Info.plist */,
			);
			path = DemoUITests;
			sourceTree = "<group>";
		};
		73B1BE2825489A320013DF90 /* Frameworks */ = {
			isa = PBXGroup;
			children = (
			);
			name = Frameworks;
			sourceTree = "<group>";
		};
/* End PBXGroup section */

/* Begin PBXHeadersBuildPhase section */
		73B1BDD1254898480013DF90 /* Headers */ = {
			isa = PBXHeadersBuildPhase;
			buildActionMask = 2147483647;
			files = (
				73B1BDE7254898490013DF90 /* AcceptCancelViewController.h in Headers */,
			);
			runOnlyForDeploymentPostprocessing = 0;
		};
/* End PBXHeadersBuildPhase section */

/* Begin PBXNativeTarget section */
		73B1BDD5254898480013DF90 /* AcceptCancelViewController */ = {
			isa = PBXNativeTarget;
			buildConfigurationList = 73B1BDEA254898490013DF90 /* Build configuration list for PBXNativeTarget "AcceptCancelViewController" */;
			buildPhases = (
				73B1BDD1254898480013DF90 /* Headers */,
				73B1BDD2254898480013DF90 /* Sources */,
				73B1BDD3254898480013DF90 /* Frameworks */,
				73B1BDD4254898480013DF90 /* Resources */,
			);
			buildRules = (
			);
			dependencies = (
			);
			name = AcceptCancelViewController;
			productName = AcceptCancelViewController;
			productReference = 73B1BDD6254898480013DF90 /* AcceptCancelViewController.framework */;
			productType = "com.apple.product-type.framework";
		};
		73B1BDDE254898480013DF90 /* AcceptCancelViewControllerTests */ = {
			isa = PBXNativeTarget;
			buildConfigurationList = 73B1BDED254898490013DF90 /* Build configuration list for PBXNativeTarget "AcceptCancelViewControllerTests" */;
			buildPhases = (
				73B1BDDB254898480013DF90 /* Sources */,
				73B1BDDC254898480013DF90 /* Frameworks */,
				73B1BDDD254898480013DF90 /* Resources */,
			);
			buildRules = (
			);
			dependencies = (
				73B1BDE2254898480013DF90 /* PBXTargetDependency */,
			);
			name = AcceptCancelViewControllerTests;
			productName = AcceptCancelViewControllerTests;
			productReference = 73B1BDDF254898480013DF90 /* AcceptCancelViewControllerTests.xctest */;
			productType = "com.apple.product-type.bundle.unit-test";
		};
		73B1BDF7254899520013DF90 /* Demo */ = {
			isa = PBXNativeTarget;
			buildConfigurationList = 73B1BE1F254899570013DF90 /* Build configuration list for PBXNativeTarget "Demo" */;
			buildPhases = (
				73B1BDF4254899520013DF90 /* Sources */,
				73B1BDF5254899520013DF90 /* Frameworks */,
				73B1BDF6254899520013DF90 /* Resources */,
			);
			buildRules = (
			);
			dependencies = (
			);
			name = Demo;
			productName = Demo;
			productReference = 73B1BDF8254899520013DF90 /* Demo.app */;
			productType = "com.apple.product-type.application";
		};
		73B1BE0C254899570013DF90 /* DemoTests */ = {
			isa = PBXNativeTarget;
			buildConfigurationList = 73B1BE22254899570013DF90 /* Build configuration list for PBXNativeTarget "DemoTests" */;
			buildPhases = (
				73B1BE09254899570013DF90 /* Sources */,
				73B1BE0A254899570013DF90 /* Frameworks */,
				73B1BE0B254899570013DF90 /* Resources */,
			);
			buildRules = (
			);
			dependencies = (
				73B1BE0F254899570013DF90 /* PBXTargetDependency */,
			);
			name = DemoTests;
			productName = DemoTests;
			productReference = 73B1BE0D254899570013DF90 /* DemoTests.xctest */;
			productType = "com.apple.product-type.bundle.unit-test";
		};
		73B1BE17254899570013DF90 /* DemoUITests */ = {
			isa = PBXNativeTarget;
			buildConfigurationList = 73B1BE25254899570013DF90 /* Build configuration list for PBXNativeTarget "DemoUITests" */;
			buildPhases = (
				73B1BE14254899570013DF90 /* Sources */,
				73B1BE15254899570013DF90 /* Frameworks */,
				73B1BE16254899570013DF90 /* Resources */,
			);
			buildRules = (
			);
			dependencies = (
				73B1BE1A254899570013DF90 /* PBXTargetDependency */,
			);
			name = DemoUITests;
			productName = DemoUITests;
			productReference = 73B1BE18254899570013DF90 /* DemoUITests.xctest */;
			productType = "com.apple.product-type.bundle.ui-testing";
		};
/* End PBXNativeTarget section */

/* Begin PBXProject section */
		73B1BDCD254898480013DF90 /* Project object */ = {
			isa = PBXProject;
			attributes = {
				LastSwiftUpdateCheck = 1160;
				LastUpgradeCheck = 1160;
				ORGANIZATIONNAME = "Cao Phuoc Thanh";
				TargetAttributes = {
					73B1BDD5254898480013DF90 = {
						CreatedOnToolsVersion = 11.6;
						LastSwiftMigration = 1160;
					};
					73B1BDDE254898480013DF90 = {
						CreatedOnToolsVersion = 11.6;
					};
					73B1BDF7254899520013DF90 = {
						CreatedOnToolsVersion = 11.6;
					};
					73B1BE0C254899570013DF90 = {
						CreatedOnToolsVersion = 11.6;
						TestTargetID = 73B1BDF7254899520013DF90;
					};
					73B1BE17254899570013DF90 = {
						CreatedOnToolsVersion = 11.6;
						TestTargetID = 73B1BDF7254899520013DF90;
					};
				};
			};
			buildConfigurationList = 73B1BDD0254898480013DF90 /* Build configuration list for PBXProject "AcceptCancelViewController" */;
			compatibilityVersion = "Xcode 9.3";
			developmentRegion = en;
			hasScannedForEncodings = 0;
			knownRegions = (
				en,
				Base,
			);
			mainGroup = 73B1BDCC254898480013DF90;
			productRefGroup = 73B1BDD7254898480013DF90 /* Products */;
			projectDirPath = "";
			projectRoot = "";
			targets = (
				73B1BDD5254898480013DF90 /* AcceptCancelViewController */,
				73B1BDDE254898480013DF90 /* AcceptCancelViewControllerTests */,
				73B1BDF7254899520013DF90 /* Demo */,
				73B1BE0C254899570013DF90 /* DemoTests */,
				73B1BE17254899570013DF90 /* DemoUITests */,
			);
		};
/* End PBXProject section */

/* Begin PBXResourcesBuildPhase section */
		73B1BDD4254898480013DF90 /* Resources */ = {
			isa = PBXResourcesBuildPhase;
			buildActionMask = 2147483647;
			files = (
			);
			runOnlyForDeploymentPostprocessing = 0;
		};
		73B1BDDD254898480013DF90 /* Resources */ = {
			isa = PBXResourcesBuildPhase;
			buildActionMask = 2147483647;
			files = (
			);
			runOnlyForDeploymentPostprocessing = 0;
		};
		73B1BDF6254899520013DF90 /* Resources */ = {
			isa = PBXResourcesBuildPhase;
			buildActionMask = 2147483647;
			files = (
				73B1BE07254899570013DF90 /* LaunchScreen.storyboard in Resources */,
				73B1BE04254899570013DF90 /* Assets.xcassets in Resources */,
				73B1BE02254899520013DF90 /* Main.storyboard in Resources */,
			);
			runOnlyForDeploymentPostprocessing = 0;
		};
		73B1BE0B254899570013DF90 /* Resources */ = {
			isa = PBXResourcesBuildPhase;
			buildActionMask = 2147483647;
			files = (
			);
			runOnlyForDeploymentPostprocessing = 0;
		};
		73B1BE16254899570013DF90 /* Resources */ = {
			isa = PBXResourcesBuildPhase;
			buildActionMask = 2147483647;
			files = (
			);
			runOnlyForDeploymentPostprocessing = 0;
		};
/* End PBXResourcesBuildPhase section */

/* Begin PBXSourcesBuildPhase section */
		73B1BDD2254898480013DF90 /* Sources */ = {
			isa = PBXSourcesBuildPhase;
			buildActionMask = 2147483647;
			files = (
				73B1BDF3254898D90013DF90 /* UIViewControllerExtension.swift in Sources */,
				73B1BDF1254898610013DF90 /* AcceptCancelViewController.swift in Sources */,
			);
			runOnlyForDeploymentPostprocessing = 0;
		};
		73B1BDDB254898480013DF90 /* Sources */ = {
			isa = PBXSourcesBuildPhase;
			buildActionMask = 2147483647;
			files = (
				73B1BDE5254898490013DF90 /* AcceptCancelViewControllerTests.swift in Sources */,
			);
			runOnlyForDeploymentPostprocessing = 0;
		};
		73B1BDF4254899520013DF90 /* Sources */ = {
			isa = PBXSourcesBuildPhase;
			buildActionMask = 2147483647;
			files = (
				73B1BDFF254899520013DF90 /* ViewController.swift in Sources */,
				73B1BDFB254899520013DF90 /* AppDelegate.swift in Sources */,
				73B1BDFD254899520013DF90 /* SceneDelegate.swift in Sources */,
			);
			runOnlyForDeploymentPostprocessing = 0;
		};
		73B1BE09254899570013DF90 /* Sources */ = {
			isa = PBXSourcesBuildPhase;
			buildActionMask = 2147483647;
			files = (
				73B1BE12254899570013DF90 /* DemoTests.swift in Sources */,
			);
			runOnlyForDeploymentPostprocessing = 0;
		};
		73B1BE14254899570013DF90 /* Sources */ = {
			isa = PBXSourcesBuildPhase;
			buildActionMask = 2147483647;
			files = (
				73B1BE1D254899570013DF90 /* DemoUITests.swift in Sources */,
			);
			runOnlyForDeploymentPostprocessing = 0;
		};
/* End PBXSourcesBuildPhase section */

/* Begin PBXTargetDependency section */
		73B1BDE2254898480013DF90 /* PBXTargetDependency */ = {
			isa = PBXTargetDependency;
			target = 73B1BDD5254898480013DF90 /* AcceptCancelViewController */;
			targetProxy = 73B1BDE1254898480013DF90 /* PBXContainerItemProxy */;
		};
		73B1BE0F254899570013DF90 /* PBXTargetDependency */ = {
			isa = PBXTargetDependency;
			target = 73B1BDF7254899520013DF90 /* Demo */;
			targetProxy = 73B1BE0E254899570013DF90 /* PBXContainerItemProxy */;
		};
		73B1BE1A254899570013DF90 /* PBXTargetDependency */ = {
			isa = PBXTargetDependency;
			target = 73B1BDF7254899520013DF90 /* Demo */;
			targetProxy = 73B1BE19254899570013DF90 /* PBXContainerItemProxy */;
		};
/* End PBXTargetDependency section */

/* Begin PBXVariantGroup section */
		73B1BE00254899520013DF90 /* Main.storyboard */ = {
			isa = PBXVariantGroup;
			children = (
				73B1BE01254899520013DF90 /* Base */,
			);
			name = Main.storyboard;
			sourceTree = "<group>";
		};
		73B1BE05254899570013DF90 /* LaunchScreen.storyboard */ = {
			isa = PBXVariantGroup;
			children = (
				73B1BE06254899570013DF90 /* Base */,
			);
			name = LaunchScreen.storyboard;
			sourceTree = "<group>";
		};
/* End PBXVariantGroup section */

/* Begin XCBuildConfiguration section */
		73B1BDE8254898490013DF90 /* Debug */ = {
			isa = XCBuildConfiguration;
			buildSettings = {
				ALWAYS_SEARCH_USER_PATHS = NO;
				CLANG_ANALYZER_NONNULL = YES;
				CLANG_ANALYZER_NUMBER_OBJECT_CONVERSION = YES_AGGRESSIVE;
				CLANG_CXX_LANGUAGE_STANDARD = "gnu++14";
				CLANG_CXX_LIBRARY = "libc++";
				CLANG_ENABLE_MODULES = YES;
				CLANG_ENABLE_OBJC_ARC = YES;
				CLANG_ENABLE_OBJC_WEAK = YES;
				CLANG_WARN_BLOCK_CAPTURE_AUTORELEASING = YES;
				CLANG_WARN_BOOL_CONVERSION = YES;
				CLANG_WARN_COMMA = YES;
				CLANG_WARN_CONSTANT_CONVERSION = YES;
				CLANG_WARN_DEPRECATED_OBJC_IMPLEMENTATIONS = YES;
				CLANG_WARN_DIRECT_OBJC_ISA_USAGE = YES_ERROR;
				CLANG_WARN_DOCUMENTATION_COMMENTS = YES;
				CLANG_WARN_EMPTY_BODY = YES;
				CLANG_WARN_ENUM_CONVERSION = YES;
				CLANG_WARN_INFINITE_RECURSION = YES;
				CLANG_WARN_INT_CONVERSION = YES;
				CLANG_WARN_NON_LITERAL_NULL_CONVERSION = YES;
				CLANG_WARN_OBJC_IMPLICIT_RETAIN_SELF = YES;
				CLANG_WARN_OBJC_LITERAL_CONVERSION = YES;
				CLANG_WARN_OBJC_ROOT_CLASS = YES_ERROR;
				CLANG_WARN_RANGE_LOOP_ANALYSIS = YES;
				CLANG_WARN_STRICT_PROTOTYPES = YES;
				CLANG_WARN_SUSPICIOUS_MOVE = YES;
				CLANG_WARN_UNGUARDED_AVAILABILITY = YES_AGGRESSIVE;
				CLANG_WARN_UNREACHABLE_CODE = YES;
				CLANG_WARN__DUPLICATE_METHOD_MATCH = YES;
				COPY_PHASE_STRIP = NO;
				CURRENT_PROJECT_VERSION = 1;
				DEBUG_INFORMATION_FORMAT = dwarf;
				ENABLE_STRICT_OBJC_MSGSEND = YES;
				ENABLE_TESTABILITY = YES;
				GCC_C_LANGUAGE_STANDARD = gnu11;
				GCC_DYNAMIC_NO_PIC = NO;
				GCC_NO_COMMON_BLOCKS = YES;
				GCC_OPTIMIZATION_LEVEL = 0;
				GCC_PREPROCESSOR_DEFINITIONS = (
					"DEBUG=1",
					"$(inherited)",
				);
				GCC_WARN_64_TO_32_BIT_CONVERSION = YES;
				GCC_WARN_ABOUT_RETURN_TYPE = YES_ERROR;
				GCC_WARN_UNDECLARED_SELECTOR = YES;
				GCC_WARN_UNINITIALIZED_AUTOS = YES_AGGRESSIVE;
				GCC_WARN_UNUSED_FUNCTION = YES;
				GCC_WARN_UNUSED_VARIABLE = YES;
				IPHONEOS_DEPLOYMENT_TARGET = 13.6;
				MTL_ENABLE_DEBUG_INFO = INCLUDE_SOURCE;
				MTL_FAST_MATH = YES;
				ONLY_ACTIVE_ARCH = YES;
				SDKROOT = iphoneos;
				SWIFT_ACTIVE_COMPILATION_CONDITIONS = DEBUG;
				SWIFT_OPTIMIZATION_LEVEL = "-Onone";
				VERSIONING_SYSTEM = "apple-generic";
				VERSION_INFO_PREFIX = "";
			};
			name = Debug;
		};
		73B1BDE9254898490013DF90 /* Release */ = {
			isa = XCBuildConfiguration;
			buildSettings = {
				ALWAYS_SEARCH_USER_PATHS = NO;
				CLANG_ANALYZER_NONNULL = YES;
				CLANG_ANALYZER_NUMBER_OBJECT_CONVERSION = YES_AGGRESSIVE;
				CLANG_CXX_LANGUAGE_STANDARD = "gnu++14";
				CLANG_CXX_LIBRARY = "libc++";
				CLANG_ENABLE_MODULES = YES;
				CLANG_ENABLE_OBJC_ARC = YES;
				CLANG_ENABLE_OBJC_WEAK = YES;
				CLANG_WARN_BLOCK_CAPTURE_AUTORELEASING = YES;
				CLANG_WARN_BOOL_CONVERSION = YES;
				CLANG_WARN_COMMA = YES;
				CLANG_WARN_CONSTANT_CONVERSION = YES;
				CLANG_WARN_DEPRECATED_OBJC_IMPLEMENTATIONS = YES;
				CLANG_WARN_DIRECT_OBJC_ISA_USAGE = YES_ERROR;
				CLANG_WARN_DOCUMENTATION_COMMENTS = YES;
				CLANG_WARN_EMPTY_BODY = YES;
				CLANG_WARN_ENUM_CONVERSION = YES;
				CLANG_WARN_INFINITE_RECURSION = YES;
				CLANG_WARN_INT_CONVERSION = YES;
				CLANG_WARN_NON_LITERAL_NULL_CONVERSION = YES;
				CLANG_WARN_OBJC_IMPLICIT_RETAIN_SELF = YES;
				CLANG_WARN_OBJC_LITERAL_CONVERSION = YES;
				CLANG_WARN_OBJC_ROOT_CLASS = YES_ERROR;
				CLANG_WARN_RANGE_LOOP_ANALYSIS = YES;
				CLANG_WARN_STRICT_PROTOTYPES = YES;
				CLANG_WARN_SUSPICIOUS_MOVE = YES;
				CLANG_WARN_UNGUARDED_AVAILABILITY = YES_AGGRESSIVE;
				CLANG_WARN_UNREACHABLE_CODE = YES;
				CLANG_WARN__DUPLICATE_METHOD_MATCH = YES;
				COPY_PHASE_STRIP = NO;
				CURRENT_PROJECT_VERSION = 1;
				DEBUG_INFORMATION_FORMAT = "dwarf-with-dsym";
				ENABLE_NS_ASSERTIONS = NO;
				ENABLE_STRICT_OBJC_MSGSEND = YES;
				GCC_C_LANGUAGE_STANDARD = gnu11;
				GCC_NO_COMMON_BLOCKS = YES;
				GCC_WARN_64_TO_32_BIT_CONVERSION = YES;
				GCC_WARN_ABOUT_RETURN_TYPE = YES_ERROR;
				GCC_WARN_UNDECLARED_SELECTOR = YES;
				GCC_WARN_UNINITIALIZED_AUTOS = YES_AGGRESSIVE;
				GCC_WARN_UNUSED_FUNCTION = YES;
				GCC_WARN_UNUSED_VARIABLE = YES;
				IPHONEOS_DEPLOYMENT_TARGET = 13.6;
				MTL_ENABLE_DEBUG_INFO = NO;
				MTL_FAST_MATH = YES;
				SDKROOT = iphoneos;
				SWIFT_COMPILATION_MODE = wholemodule;
				SWIFT_OPTIMIZATION_LEVEL = "-O";
				VALIDATE_PRODUCT = YES;
				VERSIONING_SYSTEM = "apple-generic";
				VERSION_INFO_PREFIX = "";
			};
			name = Release;
		};
		73B1BDEB254898490013DF90 /* Debug */ = {
			isa = XCBuildConfiguration;
			buildSettings = {
				CLANG_ENABLE_MODULES = YES;
				CODE_SIGN_STYLE = Automatic;
				DEFINES_MODULE = YES;
				DEVELOPMENT_TEAM = 8AYMHH2W3E;
				DYLIB_COMPATIBILITY_VERSION = 1;
				DYLIB_CURRENT_VERSION = 1;
				DYLIB_INSTALL_NAME_BASE = "@rpath";
				INFOPLIST_FILE = AcceptCancelViewController/Info.plist;
				INSTALL_PATH = "$(LOCAL_LIBRARY_DIR)/Frameworks";
				LD_RUNPATH_SEARCH_PATHS = (
					"$(inherited)",
					"@executable_path/Frameworks",
					"@loader_path/Frameworks",
				);
				PRODUCT_BUNDLE_IDENTIFIER = caophuocthanh.AcceptCancelViewController;
				PRODUCT_NAME = "$(TARGET_NAME:c99extidentifier)";
				SKIP_INSTALL = YES;
				SWIFT_OPTIMIZATION_LEVEL = "-Onone";
				SWIFT_VERSION = 5.0;
				TARGETED_DEVICE_FAMILY = "1,2";
			};
			name = Debug;
		};
		73B1BDEC254898490013DF90 /* Release */ = {
			isa = XCBuildConfiguration;
			buildSettings = {
				CLANG_ENABLE_MODULES = YES;
				CODE_SIGN_STYLE = Automatic;
				DEFINES_MODULE = YES;
				DEVELOPMENT_TEAM = 8AYMHH2W3E;
				DYLIB_COMPATIBILITY_VERSION = 1;
				DYLIB_CURRENT_VERSION = 1;
				DYLIB_INSTALL_NAME_BASE = "@rpath";
				INFOPLIST_FILE = AcceptCancelViewController/Info.plist;
				INSTALL_PATH = "$(LOCAL_LIBRARY_DIR)/Frameworks";
				LD_RUNPATH_SEARCH_PATHS = (
					"$(inherited)",
					"@executable_path/Frameworks",
					"@loader_path/Frameworks",
				);
				PRODUCT_BUNDLE_IDENTIFIER = caophuocthanh.AcceptCancelViewController;
				PRODUCT_NAME = "$(TARGET_NAME:c99extidentifier)";
				SKIP_INSTALL = YES;
				SWIFT_VERSION = 5.0;
				TARGETED_DEVICE_FAMILY = "1,2";
			};
			name = Release;
		};
		73B1BDEE254898490013DF90 /* Debug */ = {
			isa = XCBuildConfiguration;
			buildSettings = {
				ALWAYS_EMBED_SWIFT_STANDARD_LIBRARIES = YES;
				CODE_SIGN_STYLE = Automatic;
				DEVELOPMENT_TEAM = 8AYMHH2W3E;
				INFOPLIST_FILE = AcceptCancelViewControllerTests/Info.plist;
				LD_RUNPATH_SEARCH_PATHS = (
					"$(inherited)",
					"@executable_path/Frameworks",
					"@loader_path/Frameworks",
				);
				PRODUCT_BUNDLE_IDENTIFIER = caophuocthanh.AcceptCancelViewControllerTests;
				PRODUCT_NAME = "$(TARGET_NAME)";
				SWIFT_VERSION = 5.0;
				TARGETED_DEVICE_FAMILY = "1,2";
			};
			name = Debug;
		};
		73B1BDEF254898490013DF90 /* Release */ = {
			isa = XCBuildConfiguration;
			buildSettings = {
				ALWAYS_EMBED_SWIFT_STANDARD_LIBRARIES = YES;
				CODE_SIGN_STYLE = Automatic;
				DEVELOPMENT_TEAM = 8AYMHH2W3E;
				INFOPLIST_FILE = AcceptCancelViewControllerTests/Info.plist;
				LD_RUNPATH_SEARCH_PATHS = (
					"$(inherited)",
					"@executable_path/Frameworks",
					"@loader_path/Frameworks",
				);
				PRODUCT_BUNDLE_IDENTIFIER = caophuocthanh.AcceptCancelViewControllerTests;
				PRODUCT_NAME = "$(TARGET_NAME)";
				SWIFT_VERSION = 5.0;
				TARGETED_DEVICE_FAMILY = "1,2";
			};
			name = Release;
		};
		73B1BE20254899570013DF90 /* Debug */ = {
			isa = XCBuildConfiguration;
			buildSettings = {
				ASSETCATALOG_COMPILER_APPICON_NAME = AppIcon;
				CODE_SIGN_STYLE = Automatic;
				DEVELOPMENT_TEAM = 8AYMHH2W3E;
				INFOPLIST_FILE = Demo/Info.plist;
				LD_RUNPATH_SEARCH_PATHS = (
					"$(inherited)",
					"@executable_path/Frameworks",
				);
				PRODUCT_BUNDLE_IDENTIFIER = caophuocthanh.Demo;
				PRODUCT_NAME = "$(TARGET_NAME)";
				SWIFT_VERSION = 5.0;
				TARGETED_DEVICE_FAMILY = "1,2";
			};
			name = Debug;
		};
		73B1BE21254899570013DF90 /* Release */ = {
			isa = XCBuildConfiguration;
			buildSettings = {
				ASSETCATALOG_COMPILER_APPICON_NAME = AppIcon;
				CODE_SIGN_STYLE = Automatic;
				DEVELOPMENT_TEAM = 8AYMHH2W3E;
				INFOPLIST_FILE = Demo/Info.plist;
				LD_RUNPATH_SEARCH_PATHS = (
					"$(inherited)",
					"@executable_path/Frameworks",
				);
				PRODUCT_BUNDLE_IDENTIFIER = caophuocthanh.Demo;
				PRODUCT_NAME = "$(TARGET_NAME)";
				SWIFT_VERSION = 5.0;
				TARGETED_DEVICE_FAMILY = "1,2";
			};
			name = Release;
		};
		73B1BE23254899570013DF90 /* Debug */ = {
			isa = XCBuildConfiguration;
			buildSettings = {
				ALWAYS_EMBED_SWIFT_STANDARD_LIBRARIES = YES;
				BUNDLE_LOADER = "$(TEST_HOST)";
				CODE_SIGN_STYLE = Automatic;
				DEVELOPMENT_TEAM = 8AYMHH2W3E;
				INFOPLIST_FILE = DemoTests/Info.plist;
				IPHONEOS_DEPLOYMENT_TARGET = 13.6;
				LD_RUNPATH_SEARCH_PATHS = (
					"$(inherited)",
					"@executable_path/Frameworks",
					"@loader_path/Frameworks",
				);
				PRODUCT_BUNDLE_IDENTIFIER = caophuocthanh.DemoTests;
				PRODUCT_NAME = "$(TARGET_NAME)";
				SWIFT_VERSION = 5.0;
				TARGETED_DEVICE_FAMILY = "1,2";
				TEST_HOST = "$(BUILT_PRODUCTS_DIR)/Demo.app/Demo";
			};
			name = Debug;
		};
		73B1BE24254899570013DF90 /* Release */ = {
			isa = XCBuildConfiguration;
			buildSettings = {
				ALWAYS_EMBED_SWIFT_STANDARD_LIBRARIES = YES;
				BUNDLE_LOADER = "$(TEST_HOST)";
				CODE_SIGN_STYLE = Automatic;
				DEVELOPMENT_TEAM = 8AYMHH2W3E;
				INFOPLIST_FILE = DemoTests/Info.plist;
				IPHONEOS_DEPLOYMENT_TARGET = 13.6;
				LD_RUNPATH_SEARCH_PATHS = (
					"$(inherited)",
					"@executable_path/Frameworks",
					"@loader_path/Frameworks",
				);
				PRODUCT_BUNDLE_IDENTIFIER = caophuocthanh.DemoTests;
				PRODUCT_NAME = "$(TARGET_NAME)";
				SWIFT_VERSION = 5.0;
				TARGETED_DEVICE_FAMILY = "1,2";
				TEST_HOST = "$(BUILT_PRODUCTS_DIR)/Demo.app/Demo";
			};
			name = Release;
		};
		73B1BE26254899570013DF90 /* Debug */ = {
			isa = XCBuildConfiguration;
			buildSettings = {
				ALWAYS_EMBED_SWIFT_STANDARD_LIBRARIES = YES;
				CODE_SIGN_STYLE = Automatic;
				DEVELOPMENT_TEAM = 8AYMHH2W3E;
				INFOPLIST_FILE = DemoUITests/Info.plist;
				LD_RUNPATH_SEARCH_PATHS = (
					"$(inherited)",
					"@executable_path/Frameworks",
					"@loader_path/Frameworks",
				);
				PRODUCT_BUNDLE_IDENTIFIER = caophuocthanh.DemoUITests;
				PRODUCT_NAME = "$(TARGET_NAME)";
				SWIFT_VERSION = 5.0;
				TARGETED_DEVICE_FAMILY = "1,2";
				TEST_TARGET_NAME = Demo;
			};
			name = Debug;
		};
		73B1BE27254899570013DF90 /* Release */ = {
			isa = XCBuildConfiguration;
			buildSettings = {
				ALWAYS_EMBED_SWIFT_STANDARD_LIBRARIES = YES;
				CODE_SIGN_STYLE = Automatic;
				DEVELOPMENT_TEAM = 8AYMHH2W3E;
				INFOPLIST_FILE = DemoUITests/Info.plist;
				LD_RUNPATH_SEARCH_PATHS = (
					"$(inherited)",
					"@executable_path/Frameworks",
					"@loader_path/Frameworks",
				);
				PRODUCT_BUNDLE_IDENTIFIER = caophuocthanh.DemoUITests;
				PRODUCT_NAME = "$(TARGET_NAME)";
				SWIFT_VERSION = 5.0;
				TARGETED_DEVICE_FAMILY = "1,2";
				TEST_TARGET_NAME = Demo;
			};
			name = Release;
		};
/* End XCBuildConfiguration section */

/* Begin XCConfigurationList section */
		73B1BDD0254898480013DF90 /* Build configuration list for PBXProject "AcceptCancelViewController" */ = {
			isa = XCConfigurationList;
			buildConfigurations = (
				73B1BDE8254898490013DF90 /* Debug */,
				73B1BDE9254898490013DF90 /* Release */,
			);
			defaultConfigurationIsVisible = 0;
			defaultConfigurationName = Release;
		};
		73B1BDEA254898490013DF90 /* Build configuration list for PBXNativeTarget "AcceptCancelViewController" */ = {
			isa = XCConfigurationList;
			buildConfigurations = (
				73B1BDEB254898490013DF90 /* Debug */,
				73B1BDEC254898490013DF90 /* Release */,
			);
			defaultConfigurationIsVisible = 0;
			defaultConfigurationName = Release;
		};
		73B1BDED254898490013DF90 /* Build configuration list for PBXNativeTarget "AcceptCancelViewControllerTests" */ = {
			isa = XCConfigurationList;
			buildConfigurations = (
				73B1BDEE254898490013DF90 /* Debug */,
				73B1BDEF254898490013DF90 /* Release */,
			);
			defaultConfigurationIsVisible = 0;
			defaultConfigurationName = Release;
		};
		73B1BE1F254899570013DF90 /* Build configuration list for PBXNativeTarget "Demo" */ = {
			isa = XCConfigurationList;
			buildConfigurations = (
				73B1BE20254899570013DF90 /* Debug */,
				73B1BE21254899570013DF90 /* Release */,
			);
			defaultConfigurationIsVisible = 0;
			defaultConfigurationName = Release;
		};
		73B1BE22254899570013DF90 /* Build configuration list for PBXNativeTarget "DemoTests" */ = {
			isa = XCConfigurationList;
			buildConfigurations = (
				73B1BE23254899570013DF90 /* Debug */,
				73B1BE24254899570013DF90 /* Release */,
			);
			defaultConfigurationIsVisible = 0;
			defaultConfigurationName = Release;
		};
		73B1BE25254899570013DF90 /* Build configuration list for PBXNativeTarget "DemoUITests" */ = {
			isa = XCConfigurationList;
			buildConfigurations = (
				73B1BE26254899570013DF90 /* Debug */,
				73B1BE27254899570013DF90 /* Release */,
			);
			defaultConfigurationIsVisible = 0;
			defaultConfigurationName = Release;
		};
/* End XCConfigurationList section */
	};
	rootObject = 73B1BDCD254898480013DF90 /* Project object */;
}
